
Microsoft Visual Studio Solution File, Format Version 12.00
# Visual Studio Version 16
VisualStudioVersion = 16.0.30002.166
MinimumVisualStudioVersion = 10.0.40219.1
Project("{FAE04EC0-301F-11D3-BF4B-00C04F79EFBC}") = "CITest", "CITest\CITest.csproj", "{67ACC1DC-4E9F-4120-B98D-DE34DCAE9660}"
EndProject
Global
	GlobalSection(SolutionConfigurationPlatforms) = preSolution
		Debug|Any CPU = Debug|Any CPU
		Release|Any CPU = Release|Any CPU
	EndGlobalSection
	GlobalSection(ProjectConfigurationPlatforms) = postSolution
		{67ACC1DC-4E9F-4120-B98D-DE34DCAE9660}.Debug|Any CPU.ActiveCfg = Debug|Any CPU
		{67ACC1DC-4E9F-4120-B98D-DE34DCAE9660}.Debug|Any CPU.Build.0 = Debug|Any CPU
		{67ACC1DC-4E9F-4120-B98D-DE34DCAE9660}.Release|Any CPU.ActiveCfg = Release|Any CPU
		{67ACC1DC-4E9F-4120-B98D-DE34DCAE9660}.Release|Any CPU.Build.0 = Release|Any CPU
	EndGlobalSection
	GlobalSection(SolutionProperties) = preSolution
		HideSolutionNode = FALSE
	EndGlobalSection
	GlobalSection(ExtensibilityGlobals) = postSolution
		SolutionGuid = {61A022B6-B979-4540-B1BB-FE7034D1E053}
	EndGlobalSection
EndGlobal
